// !$*UTF8*$!
{
	archiveVersion = 1;
	classes = {
	};
	objectVersion = 55;
	objects = {

/* Begin PBXBuildFile section */
		0143F35227C72CA600955181 /* NotificationName+Extension.swift in Sources */ = {isa = PBXBuildFile; fileRef = 0143F35127C72CA600955181 /* NotificationName+Extension.swift */; };
		015A2CEC27BF863E00252FA0 /* AppDelegate.swift in Sources */ = {isa = PBXBuildFile; fileRef = 015A2CEB27BF863E00252FA0 /* AppDelegate.swift */; };
		015A2CEE27BF863E00252FA0 /* SceneDelegate.swift in Sources */ = {isa = PBXBuildFile; fileRef = 015A2CED27BF863E00252FA0 /* SceneDelegate.swift */; };
		015A2CF327BF863E00252FA0 /* Main.storyboard in Resources */ = {isa = PBXBuildFile; fileRef = 015A2CF127BF863E00252FA0 /* Main.storyboard */; };
		015A2CF527BF864000252FA0 /* Assets.xcassets in Resources */ = {isa = PBXBuildFile; fileRef = 015A2CF427BF864000252FA0 /* Assets.xcassets */; };
		015A2CF827BF864000252FA0 /* LaunchScreen.storyboard in Resources */ = {isa = PBXBuildFile; fileRef = 015A2CF627BF864000252FA0 /* LaunchScreen.storyboard */; };
		015A2D4F27C3DFD700252FA0 /* UserInfo.swift in Sources */ = {isa = PBXBuildFile; fileRef = 015A2D4A27C3DFD700252FA0 /* UserInfo.swift */; };
		015A2D5027C3DFD700252FA0 /* Repository.swift in Sources */ = {isa = PBXBuildFile; fileRef = 015A2D4B27C3DFD700252FA0 /* Repository.swift */; };
		015A2D5127C3DFD700252FA0 /* RepositoryFullNames.swift in Sources */ = {isa = PBXBuildFile; fileRef = 015A2D4C27C3DFD700252FA0 /* RepositoryFullNames.swift */; };
		015A2D5227C3DFD700252FA0 /* User.swift in Sources */ = {isa = PBXBuildFile; fileRef = 015A2D4D27C3DFD700252FA0 /* User.swift */; };
		015A2D5327C3DFD700252FA0 /* ErrorMessage.swift in Sources */ = {isa = PBXBuildFile; fileRef = 015A2D4E27C3DFD700252FA0 /* ErrorMessage.swift */; };
		015A2D5D27C3E02300252FA0 /* Int+Extension.swift in Sources */ = {isa = PBXBuildFile; fileRef = 015A2D5427C3E02300252FA0 /* Int+Extension.swift */; };
		015A2D5E27C3E02300252FA0 /* Array+Extension.swift in Sources */ = {isa = PBXBuildFile; fileRef = 015A2D5527C3E02300252FA0 /* Array+Extension.swift */; };
		015A2D5F27C3E02400252FA0 /* UIButton+Extension.swift in Sources */ = {isa = PBXBuildFile; fileRef = 015A2D5627C3E02300252FA0 /* UIButton+Extension.swift */; };
		015A2D6027C3E02400252FA0 /* UIColor+Extension.swift in Sources */ = {isa = PBXBuildFile; fileRef = 015A2D5727C3E02300252FA0 /* UIColor+Extension.swift */; };
		015A2D6127C3E02400252FA0 /* UILabel+Extension.swift in Sources */ = {isa = PBXBuildFile; fileRef = 015A2D5827C3E02300252FA0 /* UILabel+Extension.swift */; };
		015A2D6227C3E02400252FA0 /* UIView+Extension.swift in Sources */ = {isa = PBXBuildFile; fileRef = 015A2D5927C3E02300252FA0 /* UIView+Extension.swift */; };
		015A2D6327C3E02400252FA0 /* UIViewController+Extension.swift in Sources */ = {isa = PBXBuildFile; fileRef = 015A2D5A27C3E02300252FA0 /* UIViewController+Extension.swift */; };
		015A2D6427C3E02400252FA0 /* String+Extension.swift in Sources */ = {isa = PBXBuildFile; fileRef = 015A2D5B27C3E02300252FA0 /* String+Extension.swift */; };
		015A2D6527C3E02400252FA0 /* UIApplication+Extension.swift in Sources */ = {isa = PBXBuildFile; fileRef = 015A2D5C27C3E02300252FA0 /* UIApplication+Extension.swift */; };
		015A2D6827C3E07900252FA0 /* Network.swift in Sources */ = {isa = PBXBuildFile; fileRef = 015A2D6627C3E07900252FA0 /* Network.swift */; };
		015A2D6927C3E07900252FA0 /* Prefix.swift in Sources */ = {isa = PBXBuildFile; fileRef = 015A2D6727C3E07900252FA0 /* Prefix.swift */; };
		015A2D6D27C3E08600252FA0 /* RepositoryListVC.swift in Sources */ = {isa = PBXBuildFile; fileRef = 015A2D6A27C3E08600252FA0 /* RepositoryListVC.swift */; };
		015A2D6E27C3E08600252FA0 /* RepositoryListVM.swift in Sources */ = {isa = PBXBuildFile; fileRef = 015A2D6B27C3E08600252FA0 /* RepositoryListVM.swift */; };
		015A2D6F27C3E08600252FA0 /* RepositoryCell.swift in Sources */ = {isa = PBXBuildFile; fileRef = 015A2D6C27C3E08600252FA0 /* RepositoryCell.swift */; };
		015A2D7227C3E09500252FA0 /* ProfileVM.swift in Sources */ = {isa = PBXBuildFile; fileRef = 015A2D7027C3E09500252FA0 /* ProfileVM.swift */; };
		015A2D7327C3E09500252FA0 /* ProfileVC.swift in Sources */ = {isa = PBXBuildFile; fileRef = 015A2D7127C3E09500252FA0 /* ProfileVC.swift */; };
		015A2D7D27C519D600252FA0 /* SplashVC.swift in Sources */ = {isa = PBXBuildFile; fileRef = 015A2D7C27C519D600252FA0 /* SplashVC.swift */; };
		015A2D7F27C5E81300252FA0 /* UserInfoView.swift in Sources */ = {isa = PBXBuildFile; fileRef = 015A2D7E27C5E81300252FA0 /* UserInfoView.swift */; };
		015A2D8327C6680900252FA0 /* ScrollType+Enum.swift in Sources */ = {isa = PBXBuildFile; fileRef = 015A2D8227C6680800252FA0 /* ScrollType+Enum.swift */; };
		19EAAB48162DD96D2821BE1C /* Pods_GithubSearchClone.framework in Frameworks */ = {isa = PBXBuildFile; fileRef = C13988C628607E4069780FDA /* Pods_GithubSearchClone.framework */; };
/* End PBXBuildFile section */

/* Begin PBXFileReference section */
		0143F35127C72CA600955181 /* NotificationName+Extension.swift */ = {isa = PBXFileReference; lastKnownFileType = sourcecode.swift; path = "NotificationName+Extension.swift"; sourceTree = "<group>"; };
		015A2CE827BF863E00252FA0 /* GithubSearchClone.app */ = {isa = PBXFileReference; explicitFileType = wrapper.application; includeInIndex = 0; path = GithubSearchClone.app; sourceTree = BUILT_PRODUCTS_DIR; };
		015A2CEB27BF863E00252FA0 /* AppDelegate.swift */ = {isa = PBXFileReference; lastKnownFileType = sourcecode.swift; path = AppDelegate.swift; sourceTree = "<group>"; };
		015A2CED27BF863E00252FA0 /* SceneDelegate.swift */ = {isa = PBXFileReference; lastKnownFileType = sourcecode.swift; path = SceneDelegate.swift; sourceTree = "<group>"; };
		015A2CF227BF863E00252FA0 /* Base */ = {isa = PBXFileReference; lastKnownFileType = file.storyboard; name = Base; path = Base.lproj/Main.storyboard; sourceTree = "<group>"; };
		015A2CF427BF864000252FA0 /* Assets.xcassets */ = {isa = PBXFileReference; lastKnownFileType = folder.assetcatalog; path = Assets.xcassets; sourceTree = "<group>"; };
		015A2CF727BF864000252FA0 /* Base */ = {isa = PBXFileReference; lastKnownFileType = file.storyboard; name = Base; path = Base.lproj/LaunchScreen.storyboard; sourceTree = "<group>"; };
		015A2CF927BF864000252FA0 /* Info.plist */ = {isa = PBXFileReference; lastKnownFileType = text.plist.xml; path = Info.plist; sourceTree = "<group>"; };
		015A2D4A27C3DFD700252FA0 /* UserInfo.swift */ = {isa = PBXFileReference; fileEncoding = 4; lastKnownFileType = sourcecode.swift; name = UserInfo.swift; path = Model/UserInfo.swift; sourceTree = "<group>"; };
		015A2D4B27C3DFD700252FA0 /* Repository.swift */ = {isa = PBXFileReference; fileEncoding = 4; lastKnownFileType = sourcecode.swift; name = Repository.swift; path = Model/Repository.swift; sourceTree = "<group>"; };
		015A2D4C27C3DFD700252FA0 /* RepositoryFullNames.swift */ = {isa = PBXFileReference; fileEncoding = 4; lastKnownFileType = sourcecode.swift; name = RepositoryFullNames.swift; path = Model/RepositoryFullNames.swift; sourceTree = "<group>"; };
		015A2D4D27C3DFD700252FA0 /* User.swift */ = {isa = PBXFileReference; fileEncoding = 4; lastKnownFileType = sourcecode.swift; name = User.swift; path = Model/User.swift; sourceTree = "<group>"; };
		015A2D4E27C3DFD700252FA0 /* ErrorMessage.swift */ = {isa = PBXFileReference; fileEncoding = 4; lastKnownFileType = sourcecode.swift; name = ErrorMessage.swift; path = Model/ErrorMessage.swift; sourceTree = "<group>"; };
		015A2D5427C3E02300252FA0 /* Int+Extension.swift */ = {isa = PBXFileReference; fileEncoding = 4; lastKnownFileType = sourcecode.swift; name = "Int+Extension.swift"; path = "Extension/Int+Extension.swift"; sourceTree = "<group>"; };
		015A2D5527C3E02300252FA0 /* Array+Extension.swift */ = {isa = PBXFileReference; fileEncoding = 4; lastKnownFileType = sourcecode.swift; name = "Array+Extension.swift"; path = "Extension/Array+Extension.swift"; sourceTree = "<group>"; };
		015A2D5627C3E02300252FA0 /* UIButton+Extension.swift */ = {isa = PBXFileReference; fileEncoding = 4; lastKnownFileType = sourcecode.swift; name = "UIButton+Extension.swift"; path = "Extension/UIButton+Extension.swift"; sourceTree = "<group>"; };
		015A2D5727C3E02300252FA0 /* UIColor+Extension.swift */ = {isa = PBXFileReference; fileEncoding = 4; lastKnownFileType = sourcecode.swift; name = "UIColor+Extension.swift"; path = "Extension/UIColor+Extension.swift"; sourceTree = "<group>"; };
		015A2D5827C3E02300252FA0 /* UILabel+Extension.swift */ = {isa = PBXFileReference; fileEncoding = 4; lastKnownFileType = sourcecode.swift; name = "UILabel+Extension.swift"; path = "Extension/UILabel+Extension.swift"; sourceTree = "<group>"; };
		015A2D5927C3E02300252FA0 /* UIView+Extension.swift */ = {isa = PBXFileReference; fileEncoding = 4; lastKnownFileType = sourcecode.swift; name = "UIView+Extension.swift"; path = "Extension/UIView+Extension.swift"; sourceTree = "<group>"; };
		015A2D5A27C3E02300252FA0 /* UIViewController+Extension.swift */ = {isa = PBXFileReference; fileEncoding = 4; lastKnownFileType = sourcecode.swift; name = "UIViewController+Extension.swift"; path = "Extension/UIViewController+Extension.swift"; sourceTree = "<group>"; };
		015A2D5B27C3E02300252FA0 /* String+Extension.swift */ = {isa = PBXFileReference; fileEncoding = 4; lastKnownFileType = sourcecode.swift; name = "String+Extension.swift"; path = "Extension/String+Extension.swift"; sourceTree = "<group>"; };
		015A2D5C27C3E02300252FA0 /* UIApplication+Extension.swift */ = {isa = PBXFileReference; fileEncoding = 4; lastKnownFileType = sourcecode.swift; name = "UIApplication+Extension.swift"; path = "Extension/UIApplication+Extension.swift"; sourceTree = "<group>"; };
		015A2D6627C3E07900252FA0 /* Network.swift */ = {isa = PBXFileReference; fileEncoding = 4; lastKnownFileType = sourcecode.swift; name = Network.swift; path = Network/Network.swift; sourceTree = "<group>"; };
		015A2D6727C3E07900252FA0 /* Prefix.swift */ = {isa = PBXFileReference; fileEncoding = 4; lastKnownFileType = sourcecode.swift; name = Prefix.swift; path = Network/Prefix.swift; sourceTree = "<group>"; };
		015A2D6A27C3E08600252FA0 /* RepositoryListVC.swift */ = {isa = PBXFileReference; fileEncoding = 4; lastKnownFileType = sourcecode.swift; name = RepositoryListVC.swift; path = Repository/RepositoryListVC.swift; sourceTree = "<group>"; };
		015A2D6B27C3E08600252FA0 /* RepositoryListVM.swift */ = {isa = PBXFileReference; fileEncoding = 4; lastKnownFileType = sourcecode.swift; name = RepositoryListVM.swift; path = Repository/RepositoryListVM.swift; sourceTree = "<group>"; };
		015A2D6C27C3E08600252FA0 /* RepositoryCell.swift */ = {isa = PBXFileReference; fileEncoding = 4; lastKnownFileType = sourcecode.swift; name = RepositoryCell.swift; path = Repository/RepositoryCell.swift; sourceTree = "<group>"; };
		015A2D7027C3E09500252FA0 /* ProfileVM.swift */ = {isa = PBXFileReference; fileEncoding = 4; lastKnownFileType = sourcecode.swift; name = ProfileVM.swift; path = Profile/ProfileVM.swift; sourceTree = "<group>"; };
		015A2D7127C3E09500252FA0 /* ProfileVC.swift */ = {isa = PBXFileReference; fileEncoding = 4; lastKnownFileType = sourcecode.swift; name = ProfileVC.swift; path = Profile/ProfileVC.swift; sourceTree = "<group>"; };
		015A2D7C27C519D600252FA0 /* SplashVC.swift */ = {isa = PBXFileReference; lastKnownFileType = sourcecode.swift; path = SplashVC.swift; sourceTree = "<group>"; };
		015A2D7E27C5E81300252FA0 /* UserInfoView.swift */ = {isa = PBXFileReference; lastKnownFileType = sourcecode.swift; path = UserInfoView.swift; sourceTree = "<group>"; };
		015A2D8227C6680800252FA0 /* ScrollType+Enum.swift */ = {isa = PBXFileReference; lastKnownFileType = sourcecode.swift; path = "ScrollType+Enum.swift"; sourceTree = "<group>"; };
		5121312035B0DC229A3D1E12 /* Pods-GithubSearchClone.release.xcconfig */ = {isa = PBXFileReference; includeInIndex = 1; lastKnownFileType = text.xcconfig; name = "Pods-GithubSearchClone.release.xcconfig"; path = "Target Support Files/Pods-GithubSearchClone/Pods-GithubSearchClone.release.xcconfig"; sourceTree = "<group>"; };
		C13988C628607E4069780FDA /* Pods_GithubSearchClone.framework */ = {isa = PBXFileReference; explicitFileType = wrapper.framework; includeInIndex = 0; path = Pods_GithubSearchClone.framework; sourceTree = BUILT_PRODUCTS_DIR; };
		D010F8CAD0B7149BD15D0EE8 /* Pods-GithubSearchClone.debug.xcconfig */ = {isa = PBXFileReference; includeInIndex = 1; lastKnownFileType = text.xcconfig; name = "Pods-GithubSearchClone.debug.xcconfig"; path = "Target Support Files/Pods-GithubSearchClone/Pods-GithubSearchClone.debug.xcconfig"; sourceTree = "<group>"; };
/* End PBXFileReference section */

/* Begin PBXFrameworksBuildPhase section */
		015A2CE527BF863E00252FA0 /* Frameworks */ = {
			isa = PBXFrameworksBuildPhase;
			buildActionMask = 2147483647;
			files = (
				19EAAB48162DD96D2821BE1C /* Pods_GithubSearchClone.framework in Frameworks */,
			);
			runOnlyForDeploymentPostprocessing = 0;
		};
/* End PBXFrameworksBuildPhase section */

/* Begin PBXGroup section */
		0044284AF7A77992061FF5B6 /* Frameworks */ = {
			isa = PBXGroup;
			children = (
				C13988C628607E4069780FDA /* Pods_GithubSearchClone.framework */,
			);
			name = Frameworks;
			sourceTree = "<group>";
		};
		0143F35027C7244C00955181 /* CustomView */ = {
			isa = PBXGroup;
			children = (
				015A2D7E27C5E81300252FA0 /* UserInfoView.swift */,
			);
			name = CustomView;
			sourceTree = "<group>";
		};
		015A2CDF27BF863E00252FA0 = {
			isa = PBXGroup;
			children = (
				015A2CEA27BF863E00252FA0 /* GithubSearchClone */,
				015A2CE927BF863E00252FA0 /* Products */,
				6C96D2B592D9BE4A5B4C7C49 /* Pods */,
				0044284AF7A77992061FF5B6 /* Frameworks */,
			);
			sourceTree = "<group>";
		};
		015A2CE927BF863E00252FA0 /* Products */ = {
			isa = PBXGroup;
			children = (
				015A2CE827BF863E00252FA0 /* GithubSearchClone.app */,
			);
			name = Products;
			sourceTree = "<group>";
		};
		015A2CEA27BF863E00252FA0 /* GithubSearchClone */ = {
			isa = PBXGroup;
			children = (
				015A2CFF27BF877400252FA0 /* Model */,
				015A2D0227BF879500252FA0 /* Extension */,
				0143F35027C7244C00955181 /* CustomView */,
				015A2D0E27BF8F8800252FA0 /* NetworkManager */,
				015A2D0627BF87C500252FA0 /* Repository */,
				015A2D0727BF87D500252FA0 /* Profile */,
				015A2D0527BF87B300252FA0 /* Storyboard */,
				015A2CED27BF863E00252FA0 /* SceneDelegate.swift */,
				015A2CEB27BF863E00252FA0 /* AppDelegate.swift */,
				015A2D7C27C519D600252FA0 /* SplashVC.swift */,
				015A2CF427BF864000252FA0 /* Assets.xcassets */,
				015A2CF927BF864000252FA0 /* Info.plist */,
			);
			path = GithubSearchClone;
			sourceTree = "<group>";
		};
		015A2CFF27BF877400252FA0 /* Model */ = {
			isa = PBXGroup;
			children = (
				015A2D4A27C3DFD700252FA0 /* UserInfo.swift */,
				015A2D4D27C3DFD700252FA0 /* User.swift */,
				015A2D4B27C3DFD700252FA0 /* Repository.swift */,
				015A2D4C27C3DFD700252FA0 /* RepositoryFullNames.swift */,
				015A2D4E27C3DFD700252FA0 /* ErrorMessage.swift */,
			);
			name = Model;
			sourceTree = "<group>";
		};
		015A2D0227BF879500252FA0 /* Extension */ = {
			isa = PBXGroup;
			children = (
				015A2D5527C3E02300252FA0 /* Array+Extension.swift */,
				015A2D5B27C3E02300252FA0 /* String+Extension.swift */,
				015A2D5C27C3E02300252FA0 /* UIApplication+Extension.swift */,
				015A2D5627C3E02300252FA0 /* UIButton+Extension.swift */,
				015A2D5727C3E02300252FA0 /* UIColor+Extension.swift */,
				015A2D5827C3E02300252FA0 /* UILabel+Extension.swift */,
				015A2D5927C3E02300252FA0 /* UIView+Extension.swift */,
				015A2D5A27C3E02300252FA0 /* UIViewController+Extension.swift */,
				015A2D5427C3E02300252FA0 /* Int+Extension.swift */,
				015A2D8227C6680800252FA0 /* ScrollType+Enum.swift */,
				0143F35127C72CA600955181 /* NotificationName+Extension.swift */,
			);
			name = Extension;
			sourceTree = "<group>";
		};
		015A2D0527BF87B300252FA0 /* Storyboard */ = {
			isa = PBXGroup;
			children = (
				015A2CF127BF863E00252FA0 /* Main.storyboard */,
				015A2CF627BF864000252FA0 /* LaunchScreen.storyboard */,
			);
			name = Storyboard;
			sourceTree = "<group>";
		};
		015A2D0627BF87C500252FA0 /* Repository */ = {
			isa = PBXGroup;
			children = (
				015A2D6A27C3E08600252FA0 /* RepositoryListVC.swift */,
				015A2D6B27C3E08600252FA0 /* RepositoryListVM.swift */,
				015A2D6C27C3E08600252FA0 /* RepositoryCell.swift */,
			);
			name = Repository;
			sourceTree = "<group>";
		};
		015A2D0727BF87D500252FA0 /* Profile */ = {
			isa = PBXGroup;
			children = (
				015A2D7127C3E09500252FA0 /* ProfileVC.swift */,
				015A2D7027C3E09500252FA0 /* ProfileVM.swift */,
			);
			name = Profile;
			sourceTree = "<group>";
		};
		015A2D0E27BF8F8800252FA0 /* NetworkManager */ = {
			isa = PBXGroup;
			children = (
				015A2D6627C3E07900252FA0 /* Network.swift */,
				015A2D6727C3E07900252FA0 /* Prefix.swift */,
			);
			name = NetworkManager;
			sourceTree = "<group>";
		};
		6C96D2B592D9BE4A5B4C7C49 /* Pods */ = {
			isa = PBXGroup;
			children = (
				D010F8CAD0B7149BD15D0EE8 /* Pods-GithubSearchClone.debug.xcconfig */,
				5121312035B0DC229A3D1E12 /* Pods-GithubSearchClone.release.xcconfig */,
			);
			path = Pods;
			sourceTree = "<group>";
		};
/* End PBXGroup section */

/* Begin PBXNativeTarget section */
		015A2CE727BF863E00252FA0 /* GithubSearchClone */ = {
			isa = PBXNativeTarget;
			buildConfigurationList = 015A2CFC27BF864000252FA0 /* Build configuration list for PBXNativeTarget "GithubSearchClone" */;
			buildPhases = (
				4F4E193942F6B87BB5343B55 /* [CP] Check Pods Manifest.lock */,
				015A2CE427BF863E00252FA0 /* Sources */,
				015A2CE527BF863E00252FA0 /* Frameworks */,
				015A2CE627BF863E00252FA0 /* Resources */,
				4F689883A5310460061F5F5A /* [CP] Embed Pods Frameworks */,
			);
			buildRules = (
			);
			dependencies = (
			);
			name = GithubSearchClone;
			productName = GithubSearchClone;
			productReference = 015A2CE827BF863E00252FA0 /* GithubSearchClone.app */;
			productType = "com.apple.product-type.application";
		};
/* End PBXNativeTarget section */

/* Begin PBXProject section */
		015A2CE027BF863E00252FA0 /* Project object */ = {
			isa = PBXProject;
			attributes = {
				BuildIndependentTargetsInParallel = 1;
				LastSwiftUpdateCheck = 1310;
				LastUpgradeCheck = 1310;
				TargetAttributes = {
					015A2CE727BF863E00252FA0 = {
						CreatedOnToolsVersion = 13.1;
					};
				};
			};
			buildConfigurationList = 015A2CE327BF863E00252FA0 /* Build configuration list for PBXProject "GithubSearchClone" */;
			compatibilityVersion = "Xcode 13.0";
			developmentRegion = en;
			hasScannedForEncodings = 0;
			knownRegions = (
				en,
				Base,
			);
			mainGroup = 015A2CDF27BF863E00252FA0;
			productRefGroup = 015A2CE927BF863E00252FA0 /* Products */;
			projectDirPath = "";
			projectRoot = "";
			targets = (
				015A2CE727BF863E00252FA0 /* GithubSearchClone */,
			);
		};
/* End PBXProject section */

/* Begin PBXResourcesBuildPhase section */
		015A2CE627BF863E00252FA0 /* Resources */ = {
			isa = PBXResourcesBuildPhase;
			buildActionMask = 2147483647;
			files = (
				015A2CF827BF864000252FA0 /* LaunchScreen.storyboard in Resources */,
				015A2CF527BF864000252FA0 /* Assets.xcassets in Resources */,
				015A2CF327BF863E00252FA0 /* Main.storyboard in Resources */,
			);
			runOnlyForDeploymentPostprocessing = 0;
		};
/* End PBXResourcesBuildPhase section */

/* Begin PBXShellScriptBuildPhase section */
		4F4E193942F6B87BB5343B55 /* [CP] Check Pods Manifest.lock */ = {
			isa = PBXShellScriptBuildPhase;
			buildActionMask = 2147483647;
			files = (
			);
			inputFileListPaths = (
			);
			inputPaths = (
				"${PODS_PODFILE_DIR_PATH}/Podfile.lock",
				"${PODS_ROOT}/Manifest.lock",
			);
			name = "[CP] Check Pods Manifest.lock";
			outputFileListPaths = (
			);
			outputPaths = (
				"$(DERIVED_FILE_DIR)/Pods-GithubSearchClone-checkManifestLockResult.txt",
			);
			runOnlyForDeploymentPostprocessing = 0;
			shellPath = /bin/sh;
			shellScript = "diff \"${PODS_PODFILE_DIR_PATH}/Podfile.lock\" \"${PODS_ROOT}/Manifest.lock\" > /dev/null\nif [ $? != 0 ] ; then\n    # print error to STDERR\n    echo \"error: The sandbox is not in sync with the Podfile.lock. Run 'pod install' or update your CocoaPods installation.\" >&2\n    exit 1\nfi\n# This output is used by Xcode 'outputs' to avoid re-running this script phase.\necho \"SUCCESS\" > \"${SCRIPT_OUTPUT_FILE_0}\"\n";
			showEnvVarsInLog = 0;
		};
		4F689883A5310460061F5F5A /* [CP] Embed Pods Frameworks */ = {
			isa = PBXShellScriptBuildPhase;
			buildActionMask = 2147483647;
			files = (
			);
			inputFileListPaths = (
				"${PODS_ROOT}/Target Support Files/Pods-GithubSearchClone/Pods-GithubSearchClone-frameworks-${CONFIGURATION}-input-files.xcfilelist",
			);
			name = "[CP] Embed Pods Frameworks";
			outputFileListPaths = (
				"${PODS_ROOT}/Target Support Files/Pods-GithubSearchClone/Pods-GithubSearchClone-frameworks-${CONFIGURATION}-output-files.xcfilelist",
			);
			runOnlyForDeploymentPostprocessing = 0;
			shellPath = /bin/sh;
			shellScript = "\"${PODS_ROOT}/Target Support Files/Pods-GithubSearchClone/Pods-GithubSearchClone-frameworks.sh\"\n";
			showEnvVarsInLog = 0;
		};
/* End PBXShellScriptBuildPhase section */

/* Begin PBXSourcesBuildPhase section */
		015A2CE427BF863E00252FA0 /* Sources */ = {
			isa = PBXSourcesBuildPhase;
			buildActionMask = 2147483647;
			files = (
				015A2D6D27C3E08600252FA0 /* RepositoryListVC.swift in Sources */,
				015A2D7327C3E09500252FA0 /* ProfileVC.swift in Sources */,
				015A2D5D27C3E02300252FA0 /* Int+Extension.swift in Sources */,
				015A2D6E27C3E08600252FA0 /* RepositoryListVM.swift in Sources */,
				015A2D6927C3E07900252FA0 /* Prefix.swift in Sources */,
				015A2D7D27C519D600252FA0 /* SplashVC.swift in Sources */,
				015A2D4F27C3DFD700252FA0 /* UserInfo.swift in Sources */,
				015A2D5127C3DFD700252FA0 /* RepositoryFullNames.swift in Sources */,
				015A2D7227C3E09500252FA0 /* ProfileVM.swift in Sources */,
				015A2D6027C3E02400252FA0 /* UIColor+Extension.swift in Sources */,
				015A2D5F27C3E02400252FA0 /* UIButton+Extension.swift in Sources */,
				015A2D6527C3E02400252FA0 /* UIApplication+Extension.swift in Sources */,
				015A2D8327C6680900252FA0 /* ScrollType+Enum.swift in Sources */,
				015A2D6127C3E02400252FA0 /* UILabel+Extension.swift in Sources */,
				015A2D5027C3DFD700252FA0 /* Repository.swift in Sources */,
				015A2D7F27C5E81300252FA0 /* UserInfoView.swift in Sources */,
				015A2D5E27C3E02300252FA0 /* Array+Extension.swift in Sources */,
				0143F35227C72CA600955181 /* NotificationName+Extension.swift in Sources */,
				015A2CEC27BF863E00252FA0 /* AppDelegate.swift in Sources */,
				015A2D6427C3E02400252FA0 /* String+Extension.swift in Sources */,
				015A2D5327C3DFD700252FA0 /* ErrorMessage.swift in Sources */,
				015A2D5227C3DFD700252FA0 /* User.swift in Sources */,
				015A2D6F27C3E08600252FA0 /* RepositoryCell.swift in Sources */,
				015A2D6827C3E07900252FA0 /* Network.swift in Sources */,
				015A2CEE27BF863E00252FA0 /* SceneDelegate.swift in Sources */,
				015A2D6327C3E02400252FA0 /* UIViewController+Extension.swift in Sources */,
				015A2D6227C3E02400252FA0 /* UIView+Extension.swift in Sources */,
			);
			runOnlyForDeploymentPostprocessing = 0;
		};
/* End PBXSourcesBuildPhase section */

/* Begin PBXVariantGroup section */
		015A2CF127BF863E00252FA0 /* Main.storyboard */ = {
			isa = PBXVariantGroup;
			children = (
				015A2CF227BF863E00252FA0 /* Base */,
			);
			name = Main.storyboard;
			sourceTree = "<group>";
		};
		015A2CF627BF864000252FA0 /* LaunchScreen.storyboard */ = {
			isa = PBXVariantGroup;
			children = (
				015A2CF727BF864000252FA0 /* Base */,
			);
			name = LaunchScreen.storyboard;
			sourceTree = "<group>";
		};
/* End PBXVariantGroup section */

/* Begin XCBuildConfiguration section */
		015A2CFA27BF864000252FA0 /* Debug */ = {
			isa = XCBuildConfiguration;
			buildSettings = {
				ALWAYS_SEARCH_USER_PATHS = NO;
				CLANG_ANALYZER_NONNULL = YES;
				CLANG_ANALYZER_NUMBER_OBJECT_CONVERSION = YES_AGGRESSIVE;
				CLANG_CXX_LANGUAGE_STANDARD = "gnu++17";
				CLANG_CXX_LIBRARY = "libc++";
				CLANG_ENABLE_MODULES = YES;
				CLANG_ENABLE_OBJC_ARC = YES;
				CLANG_ENABLE_OBJC_WEAK = YES;
				CLANG_WARN_BLOCK_CAPTURE_AUTORELEASING = YES;
				CLANG_WARN_BOOL_CONVERSION = YES;
				CLANG_WARN_COMMA = YES;
				CLANG_WARN_CONSTANT_CONVERSION = YES;
				CLANG_WARN_DEPRECATED_OBJC_IMPLEMENTATIONS = YES;
				CLANG_WARN_DIRECT_OBJC_ISA_USAGE = YES_ERROR;
				CLANG_WARN_DOCUMENTATION_COMMENTS = YES;
				CLANG_WARN_EMPTY_BODY = YES;
				CLANG_WARN_ENUM_CONVERSION = YES;
				CLANG_WARN_INFINITE_RECURSION = YES;
				CLANG_WARN_INT_CONVERSION = YES;
				CLANG_WARN_NON_LITERAL_NULL_CONVERSION = YES;
				CLANG_WARN_OBJC_IMPLICIT_RETAIN_SELF = YES;
				CLANG_WARN_OBJC_LITERAL_CONVERSION = YES;
				CLANG_WARN_OBJC_ROOT_CLASS = YES_ERROR;
				CLANG_WARN_QUOTED_INCLUDE_IN_FRAMEWORK_HEADER = YES;
				CLANG_WARN_RANGE_LOOP_ANALYSIS = YES;
				CLANG_WARN_STRICT_PROTOTYPES = YES;
				CLANG_WARN_SUSPICIOUS_MOVE = YES;
				CLANG_WARN_UNGUARDED_AVAILABILITY = YES_AGGRESSIVE;
				CLANG_WARN_UNREACHABLE_CODE = YES;
				CLANG_WARN__DUPLICATE_METHOD_MATCH = YES;
				COPY_PHASE_STRIP = NO;
				DEBUG_INFORMATION_FORMAT = dwarf;
				ENABLE_STRICT_OBJC_MSGSEND = YES;
				ENABLE_TESTABILITY = YES;
				GCC_C_LANGUAGE_STANDARD = gnu11;
				GCC_DYNAMIC_NO_PIC = NO;
				GCC_NO_COMMON_BLOCKS = YES;
				GCC_OPTIMIZATION_LEVEL = 0;
				GCC_PREPROCESSOR_DEFINITIONS = (
					"DEBUG=1",
					"$(inherited)",
				);
				GCC_WARN_64_TO_32_BIT_CONVERSION = YES;
				GCC_WARN_ABOUT_RETURN_TYPE = YES_ERROR;
				GCC_WARN_UNDECLARED_SELECTOR = YES;
				GCC_WARN_UNINITIALIZED_AUTOS = YES_AGGRESSIVE;
				GCC_WARN_UNUSED_FUNCTION = YES;
				GCC_WARN_UNUSED_VARIABLE = YES;
				IPHONEOS_DEPLOYMENT_TARGET = 15.0;
				MTL_ENABLE_DEBUG_INFO = INCLUDE_SOURCE;
				MTL_FAST_MATH = YES;
				ONLY_ACTIVE_ARCH = YES;
				SDKROOT = iphoneos;
				SWIFT_ACTIVE_COMPILATION_CONDITIONS = DEBUG;
				SWIFT_OPTIMIZATION_LEVEL = "-Onone";
			};
			name = Debug;
		};
		015A2CFB27BF864000252FA0 /* Release */ = {
			isa = XCBuildConfiguration;
			buildSettings = {
				ALWAYS_SEARCH_USER_PATHS = NO;
				CLANG_ANALYZER_NONNULL = YES;
				CLANG_ANALYZER_NUMBER_OBJECT_CONVERSION = YES_AGGRESSIVE;
				CLANG_CXX_LANGUAGE_STANDARD = "gnu++17";
				CLANG_CXX_LIBRARY = "libc++";
				CLANG_ENABLE_MODULES = YES;
				CLANG_ENABLE_OBJC_ARC = YES;
				CLANG_ENABLE_OBJC_WEAK = YES;
				CLANG_WARN_BLOCK_CAPTURE_AUTORELEASING = YES;
				CLANG_WARN_BOOL_CONVERSION = YES;
				CLANG_WARN_COMMA = YES;
				CLANG_WARN_CONSTANT_CONVERSION = YES;
				CLANG_WARN_DEPRECATED_OBJC_IMPLEMENTATIONS = YES;
				CLANG_WARN_DIRECT_OBJC_ISA_USAGE = YES_ERROR;
				CLANG_WARN_DOCUMENTATION_COMMENTS = YES;
				CLANG_WARN_EMPTY_BODY = YES;
				CLANG_WARN_ENUM_CONVERSION = YES;
				CLANG_WARN_INFINITE_RECURSION = YES;
				CLANG_WARN_INT_CONVERSION = YES;
				CLANG_WARN_NON_LITERAL_NULL_CONVERSION = YES;
				CLANG_WARN_OBJC_IMPLICIT_RETAIN_SELF = YES;
				CLANG_WARN_OBJC_LITERAL_CONVERSION = YES;
				CLANG_WARN_OBJC_ROOT_CLASS = YES_ERROR;
				CLANG_WARN_QUOTED_INCLUDE_IN_FRAMEWORK_HEADER = YES;
				CLANG_WARN_RANGE_LOOP_ANALYSIS = YES;
				CLANG_WARN_STRICT_PROTOTYPES = YES;
				CLANG_WARN_SUSPICIOUS_MOVE = YES;
				CLANG_WARN_UNGUARDED_AVAILABILITY = YES_AGGRESSIVE;
				CLANG_WARN_UNREACHABLE_CODE = YES;
				CLANG_WARN__DUPLICATE_METHOD_MATCH = YES;
				COPY_PHASE_STRIP = NO;
				DEBUG_INFORMATION_FORMAT = "dwarf-with-dsym";
				ENABLE_NS_ASSERTIONS = NO;
				ENABLE_STRICT_OBJC_MSGSEND = YES;
				GCC_C_LANGUAGE_STANDARD = gnu11;
				GCC_NO_COMMON_BLOCKS = YES;
				GCC_WARN_64_TO_32_BIT_CONVERSION = YES;
				GCC_WARN_ABOUT_RETURN_TYPE = YES_ERROR;
				GCC_WARN_UNDECLARED_SELECTOR = YES;
				GCC_WARN_UNINITIALIZED_AUTOS = YES_AGGRESSIVE;
				GCC_WARN_UNUSED_FUNCTION = YES;
				GCC_WARN_UNUSED_VARIABLE = YES;
				IPHONEOS_DEPLOYMENT_TARGET = 15.0;
				MTL_ENABLE_DEBUG_INFO = NO;
				MTL_FAST_MATH = YES;
				SDKROOT = iphoneos;
				SWIFT_COMPILATION_MODE = wholemodule;
				SWIFT_OPTIMIZATION_LEVEL = "-O";
				VALIDATE_PRODUCT = YES;
			};
			name = Release;
		};
		015A2CFD27BF864000252FA0 /* Debug */ = {
			isa = XCBuildConfiguration;
			baseConfigurationReference = D010F8CAD0B7149BD15D0EE8 /* Pods-GithubSearchClone.debug.xcconfig */;
			buildSettings = {
				ASSETCATALOG_COMPILER_APPICON_NAME = AppIcon;
				ASSETCATALOG_COMPILER_GLOBAL_ACCENT_COLOR_NAME = AccentColor;
				CODE_SIGN_STYLE = Automatic;
				CURRENT_PROJECT_VERSION = 1;
				DEVELOPMENT_TEAM = D976LJQ8XK;
				GENERATE_INFOPLIST_FILE = YES;
				INFOPLIST_FILE = GithubSearchClone/Info.plist;
				INFOPLIST_KEY_CFBundleDisplayName = "깃헙클론";
				INFOPLIST_KEY_UIApplicationSupportsIndirectInputEvents = YES;
				INFOPLIST_KEY_UILaunchStoryboardName = LaunchScreen;
				INFOPLIST_KEY_UIMainStoryboardFile = Main;
				INFOPLIST_KEY_UISupportedInterfaceOrientations_iPad = "UIInterfaceOrientationPortrait UIInterfaceOrientationPortraitUpsideDown UIInterfaceOrientationLandscapeLeft UIInterfaceOrientationLandscapeRight";
				INFOPLIST_KEY_UISupportedInterfaceOrientations_iPhone = "UIInterfaceOrientationPortrait UIInterfaceOrientationLandscapeLeft UIInterfaceOrientationLandscapeRight";
				LD_RUNPATH_SEARCH_PATHS = (
					"$(inherited)",
					"@executable_path/Frameworks",
				);
				MARKETING_VERSION = 1.0;
				PRODUCT_BUNDLE_IDENTIFIER = kr.co.pst.GithubSearchClone;
				PRODUCT_NAME = "$(TARGET_NAME)";
				SWIFT_EMIT_LOC_STRINGS = YES;
				SWIFT_VERSION = 5.0;
				TARGETED_DEVICE_FAMILY = "1,2";
			};
			name = Debug;
		};
		015A2CFE27BF864000252FA0 /* Release */ = {
			isa = XCBuildConfiguration;
			baseConfigurationReference = 5121312035B0DC229A3D1E12 /* Pods-GithubSearchClone.release.xcconfig */;
			buildSettings = {
				ASSETCATALOG_COMPILER_APPICON_NAME = AppIcon;
				ASSETCATALOG_COMPILER_GLOBAL_ACCENT_COLOR_NAME = AccentColor;
				CODE_SIGN_STYLE = Automatic;
				CURRENT_PROJECT_VERSION = 1;
				DEVELOPMENT_TEAM = D976LJQ8XK;
				GENERATE_INFOPLIST_FILE = YES;
				INFOPLIST_FILE = GithubSearchClone/Info.plist;
				INFOPLIST_KEY_CFBundleDisplayName = "깃헙클론";
				INFOPLIST_KEY_UIApplicationSupportsIndirectInputEvents = YES;
				INFOPLIST_KEY_UILaunchStoryboardName = LaunchScreen;
				INFOPLIST_KEY_UIMainStoryboardFile = Main;
				INFOPLIST_KEY_UISupportedInterfaceOrientations_iPad = "UIInterfaceOrientationPortrait UIInterfaceOrientationPortraitUpsideDown UIInterfaceOrientationLandscapeLeft UIInterfaceOrientationLandscapeRight";
				INFOPLIST_KEY_UISupportedInterfaceOrientations_iPhone = "UIInterfaceOrientationPortrait UIInterfaceOrientationLandscapeLeft UIInterfaceOrientationLandscapeRight";
				LD_RUNPATH_SEARCH_PATHS = (
					"$(inherited)",
					"@executable_path/Frameworks",
				);
				MARKETING_VERSION = 1.0;
				PRODUCT_BUNDLE_IDENTIFIER = kr.co.pst.GithubSearchClone;
				PRODUCT_NAME = "$(TARGET_NAME)";
				SWIFT_EMIT_LOC_STRINGS = YES;
				SWIFT_VERSION = 5.0;
				TARGETED_DEVICE_FAMILY = "1,2";
			};
			name = Release;
		};
/* End XCBuildConfiguration section */

/* Begin XCConfigurationList section */
		015A2CE327BF863E00252FA0 /* Build configuration list for PBXProject "GithubSearchClone" */ = {
			isa = XCConfigurationList;
			buildConfigurations = (
				015A2CFA27BF864000252FA0 /* Debug */,
				015A2CFB27BF864000252FA0 /* Release */,
			);
			defaultConfigurationIsVisible = 0;
			defaultConfigurationName = Release;
		};
		015A2CFC27BF864000252FA0 /* Build configuration list for PBXNativeTarget "GithubSearchClone" */ = {
			isa = XCConfigurationList;
			buildConfigurations = (
				015A2CFD27BF864000252FA0 /* Debug */,
				015A2CFE27BF864000252FA0 /* Release */,
			);
			defaultConfigurationIsVisible = 0;
			defaultConfigurationName = Release;
		};
/* End XCConfigurationList section */
	};
	rootObject = 015A2CE027BF863E00252FA0 /* Project object */;
}
